
Microsoft Visual Studio Solution File, Format Version 12.00
# Visual Studio 14
VisualStudioVersion = 14.0.25123.0
MinimumVisualStudioVersion = 10.0.40219.1
Project("{FAE04EC0-301F-11D3-BF4B-00C04F79EFBC}") = "MyJCalendar.Droid", "MyJCalendar\MyJCalendar.Droid\MyJCalendar.Droid.csproj", "{93F4AC64-99D4-4EA6-B69F-A4B24E31CC01}"
EndProject
Project("{FAE04EC0-301F-11D3-BF4B-00C04F79EFBC}") = "MyJCalendar.iOS", "MyJCalendar\MyJCalendar.iOS\MyJCalendar.iOS.csproj", "{64EBF989-ECE8-43EC-A401-9196C0380128}"
EndProject
Project("{FAE04EC0-301F-11D3-BF4B-00C04F79EFBC}") = "MyJCalendar.WinPhone", "MyJCalendar\MyJCalendar.WinPhone\MyJCalendar.WinPhone.csproj", "{9983BF23-5A47-4759-AC65-03FD3B70F2BB}"
EndProject
Project("{FAE04EC0-301F-11D3-BF4B-00C04F79EFBC}") = "MyJCalendar.UWP", "MyJCalendar\MyJCalendar.UWP\MyJCalendar.UWP.csproj", "{6CC4DBBB-4E77-4DB2-A212-78FC3E3A4F23}"
EndProject
Project("{FAE04EC0-301F-11D3-BF4B-00C04F79EFBC}") = "MyJCalendar.Windows", "MyJCalendar\MyJCalendar.Windows\MyJCalendar.Windows.csproj", "{286B7459-8893-4818-A11F-41B54E8343A9}"
EndProject
Project("{FAE04EC0-301F-11D3-BF4B-00C04F79EFBC}") = "MyJCalendar", "MyJCalendar\MyJCalendar\MyJCalendar.csproj", "{2A6FA478-0E86-40BD-86F4-D445D9839460}"
EndProject
Global
	GlobalSection(SolutionConfigurationPlatforms) = preSolution
		Ad-Hoc|Any CPU = Ad-Hoc|Any CPU
		Ad-Hoc|ARM = Ad-Hoc|ARM
		Ad-Hoc|iPhone = Ad-Hoc|iPhone
		Ad-Hoc|iPhoneSimulator = Ad-Hoc|iPhoneSimulator
		Ad-Hoc|x64 = Ad-Hoc|x64
		Ad-Hoc|x86 = Ad-Hoc|x86
		AppStore|Any CPU = AppStore|Any CPU
		AppStore|ARM = AppStore|ARM
		AppStore|iPhone = AppStore|iPhone
		AppStore|iPhoneSimulator = AppStore|iPhoneSimulator
		AppStore|x64 = AppStore|x64
		AppStore|x86 = AppStore|x86
		Debug|Any CPU = Debug|Any CPU
		Debug|ARM = Debug|ARM
		Debug|iPhone = Debug|iPhone
		Debug|iPhoneSimulator = Debug|iPhoneSimulator
		Debug|x64 = Debug|x64
		Debug|x86 = Debug|x86
		Release|Any CPU = Release|Any CPU
		Release|ARM = Release|ARM
		Release|iPhone = Release|iPhone
		Release|iPhoneSimulator = Release|iPhoneSimulator
		Release|x64 = Release|x64
		Release|x86 = Release|x86
	EndGlobalSection
	GlobalSection(ProjectConfigurationPlatforms) = postSolution
		{93F4AC64-99D4-4EA6-B69F-A4B24E31CC01}.Ad-Hoc|Any CPU.ActiveCfg = Release|Any CPU
		{93F4AC64-99D4-4EA6-B69F-A4B24E31CC01}.Ad-Hoc|Any CPU.Build.0 = Release|Any CPU
		{93F4AC64-99D4-4EA6-B69F-A4B24E31CC01}.Ad-Hoc|Any CPU.Deploy.0 = Release|Any CPU
		{93F4AC64-99D4-4EA6-B69F-A4B24E31CC01}.Ad-Hoc|ARM.ActiveCfg = Release|Any CPU
		{93F4AC64-99D4-4EA6-B69F-A4B24E31CC01}.Ad-Hoc|ARM.Build.0 = Release|Any CPU
		{93F4AC64-99D4-4EA6-B69F-A4B24E31CC01}.Ad-Hoc|ARM.Deploy.0 = Release|Any CPU
		{93F4AC64-99D4-4EA6-B69F-A4B24E31CC01}.Ad-Hoc|iPhone.ActiveCfg = Release|Any CPU
		{93F4AC64-99D4-4EA6-B69F-A4B24E31CC01}.Ad-Hoc|iPhone.Build.0 = Release|Any CPU
		{93F4AC64-99D4-4EA6-B69F-A4B24E31CC01}.Ad-Hoc|iPhone.Deploy.0 = Release|Any CPU
		{93F4AC64-99D4-4EA6-B69F-A4B24E31CC01}.Ad-Hoc|iPhoneSimulator.ActiveCfg = Release|Any CPU
		{93F4AC64-99D4-4EA6-B69F-A4B24E31CC01}.Ad-Hoc|iPhoneSimulator.Build.0 = Release|Any CPU
		{93F4AC64-99D4-4EA6-B69F-A4B24E31CC01}.Ad-Hoc|iPhoneSimulator.Deploy.0 = Release|Any CPU
		{93F4AC64-99D4-4EA6-B69F-A4B24E31CC01}.Ad-Hoc|x64.ActiveCfg = Release|Any CPU
		{93F4AC64-99D4-4EA6-B69F-A4B24E31CC01}.Ad-Hoc|x64.Build.0 = Release|Any CPU
		{93F4AC64-99D4-4EA6-B69F-A4B24E31CC01}.Ad-Hoc|x64.Deploy.0 = Release|Any CPU
		{93F4AC64-99D4-4EA6-B69F-A4B24E31CC01}.Ad-Hoc|x86.ActiveCfg = Release|Any CPU
		{93F4AC64-99D4-4EA6-B69F-A4B24E31CC01}.Ad-Hoc|x86.Build.0 = Release|Any CPU
		{93F4AC64-99D4-4EA6-B69F-A4B24E31CC01}.Ad-Hoc|x86.Deploy.0 = Release|Any CPU
		{93F4AC64-99D4-4EA6-B69F-A4B24E31CC01}.AppStore|Any CPU.ActiveCfg = Release|Any CPU
		{93F4AC64-99D4-4EA6-B69F-A4B24E31CC01}.AppStore|Any CPU.Build.0 = Release|Any CPU
		{93F4AC64-99D4-4EA6-B69F-A4B24E31CC01}.AppStore|Any CPU.Deploy.0 = Release|Any CPU
		{93F4AC64-99D4-4EA6-B69F-A4B24E31CC01}.AppStore|ARM.ActiveCfg = Release|Any CPU
		{93F4AC64-99D4-4EA6-B69F-A4B24E31CC01}.AppStore|ARM.Build.0 = Release|Any CPU
		{93F4AC64-99D4-4EA6-B69F-A4B24E31CC01}.AppStore|ARM.Deploy.0 = Release|Any CPU
		{93F4AC64-99D4-4EA6-B69F-A4B24E31CC01}.AppStore|iPhone.ActiveCfg = Release|Any CPU
		{93F4AC64-99D4-4EA6-B69F-A4B24E31CC01}.AppStore|iPhone.Build.0 = Release|Any CPU
		{93F4AC64-99D4-4EA6-B69F-A4B24E31CC01}.AppStore|iPhone.Deploy.0 = Release|Any CPU
		{93F4AC64-99D4-4EA6-B69F-A4B24E31CC01}.AppStore|iPhoneSimulator.ActiveCfg = Release|Any CPU
		{93F4AC64-99D4-4EA6-B69F-A4B24E31CC01}.AppStore|iPhoneSimulator.Build.0 = Release|Any CPU
		{93F4AC64-99D4-4EA6-B69F-A4B24E31CC01}.AppStore|iPhoneSimulator.Deploy.0 = Release|Any CPU
		{93F4AC64-99D4-4EA6-B69F-A4B24E31CC01}.AppStore|x64.ActiveCfg = Release|Any CPU
		{93F4AC64-99D4-4EA6-B69F-A4B24E31CC01}.AppStore|x64.Build.0 = Release|Any CPU
		{93F4AC64-99D4-4EA6-B69F-A4B24E31CC01}.AppStore|x64.Deploy.0 = Release|Any CPU
		{93F4AC64-99D4-4EA6-B69F-A4B24E31CC01}.AppStore|x86.ActiveCfg = Release|Any CPU
		{93F4AC64-99D4-4EA6-B69F-A4B24E31CC01}.AppStore|x86.Build.0 = Release|Any CPU
		{93F4AC64-99D4-4EA6-B69F-A4B24E31CC01}.AppStore|x86.Deploy.0 = Release|Any CPU
		{93F4AC64-99D4-4EA6-B69F-A4B24E31CC01}.Debug|Any CPU.ActiveCfg = Debug|Any CPU
		{93F4AC64-99D4-4EA6-B69F-A4B24E31CC01}.Debug|Any CPU.Build.0 = Debug|Any CPU
		{93F4AC64-99D4-4EA6-B69F-A4B24E31CC01}.Debug|Any CPU.Deploy.0 = Debug|Any CPU
		{93F4AC64-99D4-4EA6-B69F-A4B24E31CC01}.Debug|ARM.ActiveCfg = Debug|Any CPU
		{93F4AC64-99D4-4EA6-B69F-A4B24E31CC01}.Debug|ARM.Build.0 = Debug|Any CPU
		{93F4AC64-99D4-4EA6-B69F-A4B24E31CC01}.Debug|ARM.Deploy.0 = Debug|Any CPU
		{93F4AC64-99D4-4EA6-B69F-A4B24E31CC01}.Debug|iPhone.ActiveCfg = Debug|Any CPU
		{93F4AC64-99D4-4EA6-B69F-A4B24E31CC01}.Debug|iPhone.Build.0 = Debug|Any CPU
		{93F4AC64-99D4-4EA6-B69F-A4B24E31CC01}.Debug|iPhone.Deploy.0 = Debug|Any CPU
		{93F4AC64-99D4-4EA6-B69F-A4B24E31CC01}.Debug|iPhoneSimulator.ActiveCfg = Debug|Any CPU
		{93F4AC64-99D4-4EA6-B69F-A4B24E31CC01}.Debug|iPhoneSimulator.Build.0 = Debug|Any CPU
		{93F4AC64-99D4-4EA6-B69F-A4B24E31CC01}.Debug|iPhoneSimulator.Deploy.0 = Debug|Any CPU
		{93F4AC64-99D4-4EA6-B69F-A4B24E31CC01}.Debug|x64.ActiveCfg = Debug|Any CPU
		{93F4AC64-99D4-4EA6-B69F-A4B24E31CC01}.Debug|x64.Build.0 = Debug|Any CPU
		{93F4AC64-99D4-4EA6-B69F-A4B24E31CC01}.Debug|x64.Deploy.0 = Debug|Any CPU
		{93F4AC64-99D4-4EA6-B69F-A4B24E31CC01}.Debug|x86.ActiveCfg = Debug|Any CPU
		{93F4AC64-99D4-4EA6-B69F-A4B24E31CC01}.Debug|x86.Build.0 = Debug|Any CPU
		{93F4AC64-99D4-4EA6-B69F-A4B24E31CC01}.Debug|x86.Deploy.0 = Debug|Any CPU
		{93F4AC64-99D4-4EA6-B69F-A4B24E31CC01}.Release|Any CPU.ActiveCfg = Release|Any CPU
		{93F4AC64-99D4-4EA6-B69F-A4B24E31CC01}.Release|Any CPU.Build.0 = Release|Any CPU
		{93F4AC64-99D4-4EA6-B69F-A4B24E31CC01}.Release|Any CPU.Deploy.0 = Release|Any CPU
		{93F4AC64-99D4-4EA6-B69F-A4B24E31CC01}.Release|ARM.ActiveCfg = Release|Any CPU
		{93F4AC64-99D4-4EA6-B69F-A4B24E31CC01}.Release|ARM.Build.0 = Release|Any CPU
		{93F4AC64-99D4-4EA6-B69F-A4B24E31CC01}.Release|ARM.Deploy.0 = Release|Any CPU
		{93F4AC64-99D4-4EA6-B69F-A4B24E31CC01}.Release|iPhone.ActiveCfg = Release|Any CPU
		{93F4AC64-99D4-4EA6-B69F-A4B24E31CC01}.Release|iPhone.Build.0 = Release|Any CPU
		{93F4AC64-99D4-4EA6-B69F-A4B24E31CC01}.Release|iPhone.Deploy.0 = Release|Any CPU
		{93F4AC64-99D4-4EA6-B69F-A4B24E31CC01}.Release|iPhoneSimulator.ActiveCfg = Release|Any CPU
		{93F4AC64-99D4-4EA6-B69F-A4B24E31CC01}.Release|iPhoneSimulator.Build.0 = Release|Any CPU
		{93F4AC64-99D4-4EA6-B69F-A4B24E31CC01}.Release|iPhoneSimulator.Deploy.0 = Release|Any CPU
		{93F4AC64-99D4-4EA6-B69F-A4B24E31CC01}.Release|x64.ActiveCfg = Release|Any CPU
		{93F4AC64-99D4-4EA6-B69F-A4B24E31CC01}.Release|x64.Build.0 = Release|Any CPU
		{93F4AC64-99D4-4EA6-B69F-A4B24E31CC01}.Release|x64.Deploy.0 = Release|Any CPU
		{93F4AC64-99D4-4EA6-B69F-A4B24E31CC01}.Release|x86.ActiveCfg = Release|Any CPU
		{93F4AC64-99D4-4EA6-B69F-A4B24E31CC01}.Release|x86.Build.0 = Release|Any CPU
		{93F4AC64-99D4-4EA6-B69F-A4B24E31CC01}.Release|x86.Deploy.0 = Release|Any CPU
		{64EBF989-ECE8-43EC-A401-9196C0380128}.Ad-Hoc|Any CPU.ActiveCfg = Ad-Hoc|iPhone
		{64EBF989-ECE8-43EC-A401-9196C0380128}.Ad-Hoc|ARM.ActiveCfg = Ad-Hoc|iPhone
		{64EBF989-ECE8-43EC-A401-9196C0380128}.Ad-Hoc|iPhone.ActiveCfg = Ad-Hoc|iPhone
		{64EBF989-ECE8-43EC-A401-9196C0380128}.Ad-Hoc|iPhone.Build.0 = Ad-Hoc|iPhone
		{64EBF989-ECE8-43EC-A401-9196C0380128}.Ad-Hoc|iPhoneSimulator.ActiveCfg = Ad-Hoc|iPhoneSimulator
		{64EBF989-ECE8-43EC-A401-9196C0380128}.Ad-Hoc|iPhoneSimulator.Build.0 = Ad-Hoc|iPhoneSimulator
		{64EBF989-ECE8-43EC-A401-9196C0380128}.Ad-Hoc|x64.ActiveCfg = Ad-Hoc|iPhone
		{64EBF989-ECE8-43EC-A401-9196C0380128}.Ad-Hoc|x86.ActiveCfg = Ad-Hoc|iPhone
		{64EBF989-ECE8-43EC-A401-9196C0380128}.AppStore|Any CPU.ActiveCfg = AppStore|iPhone
		{64EBF989-ECE8-43EC-A401-9196C0380128}.AppStore|ARM.ActiveCfg = AppStore|iPhone
		{64EBF989-ECE8-43EC-A401-9196C0380128}.AppStore|iPhone.ActiveCfg = AppStore|iPhone
		{64EBF989-ECE8-43EC-A401-9196C0380128}.AppStore|iPhone.Build.0 = AppStore|iPhone
		{64EBF989-ECE8-43EC-A401-9196C0380128}.AppStore|iPhoneSimulator.ActiveCfg = AppStore|iPhoneSimulator
		{64EBF989-ECE8-43EC-A401-9196C0380128}.AppStore|iPhoneSimulator.Build.0 = AppStore|iPhoneSimulator
		{64EBF989-ECE8-43EC-A401-9196C0380128}.AppStore|x64.ActiveCfg = AppStore|iPhone
		{64EBF989-ECE8-43EC-A401-9196C0380128}.AppStore|x86.ActiveCfg = AppStore|iPhone
		{64EBF989-ECE8-43EC-A401-9196C0380128}.Debug|Any CPU.ActiveCfg = Debug|iPhone
		{64EBF989-ECE8-43EC-A401-9196C0380128}.Debug|ARM.ActiveCfg = Debug|iPhone
		{64EBF989-ECE8-43EC-A401-9196C0380128}.Debug|iPhone.ActiveCfg = Debug|iPhone
		{64EBF989-ECE8-43EC-A401-9196C0380128}.Debug|iPhone.Build.0 = Debug|iPhone
		{64EBF989-ECE8-43EC-A401-9196C0380128}.Debug|iPhoneSimulator.ActiveCfg = Debug|iPhoneSimulator
		{64EBF989-ECE8-43EC-A401-9196C0380128}.Debug|iPhoneSimulator.Build.0 = Debug|iPhoneSimulator
		{64EBF989-ECE8-43EC-A401-9196C0380128}.Debug|x64.ActiveCfg = Debug|iPhone
		{64EBF989-ECE8-43EC-A401-9196C0380128}.Debug|x86.ActiveCfg = Debug|iPhone
		{64EBF989-ECE8-43EC-A401-9196C0380128}.Release|Any CPU.ActiveCfg = Release|iPhone
		{64EBF989-ECE8-43EC-A401-9196C0380128}.Release|ARM.ActiveCfg = Release|iPhone
		{64EBF989-ECE8-43EC-A401-9196C0380128}.Release|iPhone.ActiveCfg = Release|iPhone
		{64EBF989-ECE8-43EC-A401-9196C0380128}.Release|iPhone.Build.0 = Release|iPhone
		{64EBF989-ECE8-43EC-A401-9196C0380128}.Release|iPhoneSimulator.ActiveCfg = Release|iPhoneSimulator
		{64EBF989-ECE8-43EC-A401-9196C0380128}.Release|iPhoneSimulator.Build.0 = Release|iPhoneSimulator
		{64EBF989-ECE8-43EC-A401-9196C0380128}.Release|x64.ActiveCfg = Release|iPhone
		{64EBF989-ECE8-43EC-A401-9196C0380128}.Release|x86.ActiveCfg = Release|iPhone
		{9983BF23-5A47-4759-AC65-03FD3B70F2BB}.Ad-Hoc|Any CPU.ActiveCfg = Release|Any CPU
		{9983BF23-5A47-4759-AC65-03FD3B70F2BB}.Ad-Hoc|Any CPU.Build.0 = Release|Any CPU
		{9983BF23-5A47-4759-AC65-03FD3B70F2BB}.Ad-Hoc|Any CPU.Deploy.0 = Release|Any CPU
		{9983BF23-5A47-4759-AC65-03FD3B70F2BB}.Ad-Hoc|ARM.ActiveCfg = Release|ARM
		{9983BF23-5A47-4759-AC65-03FD3B70F2BB}.Ad-Hoc|ARM.Build.0 = Release|ARM
		{9983BF23-5A47-4759-AC65-03FD3B70F2BB}.Ad-Hoc|ARM.Deploy.0 = Release|ARM
		{9983BF23-5A47-4759-AC65-03FD3B70F2BB}.Ad-Hoc|iPhone.ActiveCfg = Release|Any CPU
		{9983BF23-5A47-4759-AC65-03FD3B70F2BB}.Ad-Hoc|iPhone.Build.0 = Release|Any CPU
		{9983BF23-5A47-4759-AC65-03FD3B70F2BB}.Ad-Hoc|iPhone.Deploy.0 = Release|Any CPU
		{9983BF23-5A47-4759-AC65-03FD3B70F2BB}.Ad-Hoc|iPhoneSimulator.ActiveCfg = Release|Any CPU
		{9983BF23-5A47-4759-AC65-03FD3B70F2BB}.Ad-Hoc|iPhoneSimulator.Build.0 = Release|Any CPU
		{9983BF23-5A47-4759-AC65-03FD3B70F2BB}.Ad-Hoc|iPhoneSimulator.Deploy.0 = Release|Any CPU
		{9983BF23-5A47-4759-AC65-03FD3B70F2BB}.Ad-Hoc|x64.ActiveCfg = Release|Any CPU
		{9983BF23-5A47-4759-AC65-03FD3B70F2BB}.Ad-Hoc|x64.Build.0 = Release|Any CPU
		{9983BF23-5A47-4759-AC65-03FD3B70F2BB}.Ad-Hoc|x64.Deploy.0 = Release|Any CPU
		{9983BF23-5A47-4759-AC65-03FD3B70F2BB}.Ad-Hoc|x86.ActiveCfg = Release|x86
		{9983BF23-5A47-4759-AC65-03FD3B70F2BB}.Ad-Hoc|x86.Build.0 = Release|x86
		{9983BF23-5A47-4759-AC65-03FD3B70F2BB}.Ad-Hoc|x86.Deploy.0 = Release|x86
		{9983BF23-5A47-4759-AC65-03FD3B70F2BB}.AppStore|Any CPU.ActiveCfg = Release|Any CPU
		{9983BF23-5A47-4759-AC65-03FD3B70F2BB}.AppStore|Any CPU.Build.0 = Release|Any CPU
		{9983BF23-5A47-4759-AC65-03FD3B70F2BB}.AppStore|Any CPU.Deploy.0 = Release|Any CPU
		{9983BF23-5A47-4759-AC65-03FD3B70F2BB}.AppStore|ARM.ActiveCfg = Release|ARM
		{9983BF23-5A47-4759-AC65-03FD3B70F2BB}.AppStore|ARM.Build.0 = Release|ARM
		{9983BF23-5A47-4759-AC65-03FD3B70F2BB}.AppStore|ARM.Deploy.0 = Release|ARM
		{9983BF23-5A47-4759-AC65-03FD3B70F2BB}.AppStore|iPhone.ActiveCfg = Release|Any CPU
		{9983BF23-5A47-4759-AC65-03FD3B70F2BB}.AppStore|iPhone.Build.0 = Release|Any CPU
		{9983BF23-5A47-4759-AC65-03FD3B70F2BB}.AppStore|iPhone.Deploy.0 = Release|Any CPU
		{9983BF23-5A47-4759-AC65-03FD3B70F2BB}.AppStore|iPhoneSimulator.ActiveCfg = Release|Any CPU
		{9983BF23-5A47-4759-AC65-03FD3B70F2BB}.AppStore|iPhoneSimulator.Build.0 = Release|Any CPU
		{9983BF23-5A47-4759-AC65-03FD3B70F2BB}.AppStore|iPhoneSimulator.Deploy.0 = Release|Any CPU
		{9983BF23-5A47-4759-AC65-03FD3B70F2BB}.AppStore|x64.ActiveCfg = Release|Any CPU
		{9983BF23-5A47-4759-AC65-03FD3B70F2BB}.AppStore|x64.Build.0 = Release|Any CPU
		{9983BF23-5A47-4759-AC65-03FD3B70F2BB}.AppStore|x64.Deploy.0 = Release|Any CPU
		{9983BF23-5A47-4759-AC65-03FD3B70F2BB}.AppStore|x86.ActiveCfg = Release|x86
		{9983BF23-5A47-4759-AC65-03FD3B70F2BB}.AppStore|x86.Build.0 = Release|x86
		{9983BF23-5A47-4759-AC65-03FD3B70F2BB}.AppStore|x86.Deploy.0 = Release|x86
		{9983BF23-5A47-4759-AC65-03FD3B70F2BB}.Debug|Any CPU.ActiveCfg = Debug|Any CPU
		{9983BF23-5A47-4759-AC65-03FD3B70F2BB}.Debug|Any CPU.Build.0 = Debug|Any CPU
		{9983BF23-5A47-4759-AC65-03FD3B70F2BB}.Debug|Any CPU.Deploy.0 = Debug|Any CPU
		{9983BF23-5A47-4759-AC65-03FD3B70F2BB}.Debug|ARM.ActiveCfg = Debug|ARM
		{9983BF23-5A47-4759-AC65-03FD3B70F2BB}.Debug|ARM.Build.0 = Debug|ARM
		{9983BF23-5A47-4759-AC65-03FD3B70F2BB}.Debug|ARM.Deploy.0 = Debug|ARM
		{9983BF23-5A47-4759-AC65-03FD3B70F2BB}.Debug|iPhone.ActiveCfg = Debug|Any CPU
		{9983BF23-5A47-4759-AC65-03FD3B70F2BB}.Debug|iPhone.Build.0 = Debug|Any CPU
		{9983BF23-5A47-4759-AC65-03FD3B70F2BB}.Debug|iPhone.Deploy.0 = Debug|Any CPU
		{9983BF23-5A47-4759-AC65-03FD3B70F2BB}.Debug|iPhoneSimulator.ActiveCfg = Debug|Any CPU
		{9983BF23-5A47-4759-AC65-03FD3B70F2BB}.Debug|iPhoneSimulator.Build.0 = Debug|Any CPU
		{9983BF23-5A47-4759-AC65-03FD3B70F2BB}.Debug|iPhoneSimulator.Deploy.0 = Debug|Any CPU
		{9983BF23-5A47-4759-AC65-03FD3B70F2BB}.Debug|x64.ActiveCfg = Debug|Any CPU
		{9983BF23-5A47-4759-AC65-03FD3B70F2BB}.Debug|x64.Build.0 = Debug|Any CPU
		{9983BF23-5A47-4759-AC65-03FD3B70F2BB}.Debug|x64.Deploy.0 = Debug|Any CPU
		{9983BF23-5A47-4759-AC65-03FD3B70F2BB}.Debug|x86.ActiveCfg = Debug|x86
		{9983BF23-5A47-4759-AC65-03FD3B70F2BB}.Debug|x86.Build.0 = Debug|x86
		{9983BF23-5A47-4759-AC65-03FD3B70F2BB}.Debug|x86.Deploy.0 = Debug|x86
		{9983BF23-5A47-4759-AC65-03FD3B70F2BB}.Release|Any CPU.ActiveCfg = Release|Any CPU
		{9983BF23-5A47-4759-AC65-03FD3B70F2BB}.Release|Any CPU.Build.0 = Release|Any CPU
		{9983BF23-5A47-4759-AC65-03FD3B70F2BB}.Release|Any CPU.Deploy.0 = Release|Any CPU
		{9983BF23-5A47-4759-AC65-03FD3B70F2BB}.Release|ARM.ActiveCfg = Release|ARM
		{9983BF23-5A47-4759-AC65-03FD3B70F2BB}.Release|ARM.Build.0 = Release|ARM
		{9983BF23-5A47-4759-AC65-03FD3B70F2BB}.Release|ARM.Deploy.0 = Release|ARM
		{9983BF23-5A47-4759-AC65-03FD3B70F2BB}.Release|iPhone.ActiveCfg = Release|Any CPU
		{9983BF23-5A47-4759-AC65-03FD3B70F2BB}.Release|iPhone.Build.0 = Release|Any CPU
		{9983BF23-5A47-4759-AC65-03FD3B70F2BB}.Release|iPhone.Deploy.0 = Release|Any CPU
		{9983BF23-5A47-4759-AC65-03FD3B70F2BB}.Release|iPhoneSimulator.ActiveCfg = Release|Any CPU
		{9983BF23-5A47-4759-AC65-03FD3B70F2BB}.Release|iPhoneSimulator.Build.0 = Release|Any CPU
		{9983BF23-5A47-4759-AC65-03FD3B70F2BB}.Release|iPhoneSimulator.Deploy.0 = Release|Any CPU
		{9983BF23-5A47-4759-AC65-03FD3B70F2BB}.Release|x64.ActiveCfg = Release|Any CPU
		{9983BF23-5A47-4759-AC65-03FD3B70F2BB}.Release|x64.Build.0 = Release|Any CPU
		{9983BF23-5A47-4759-AC65-03FD3B70F2BB}.Release|x64.Deploy.0 = Release|Any CPU
		{9983BF23-5A47-4759-AC65-03FD3B70F2BB}.Release|x86.ActiveCfg = Release|x86
		{9983BF23-5A47-4759-AC65-03FD3B70F2BB}.Release|x86.Build.0 = Release|x86
		{9983BF23-5A47-4759-AC65-03FD3B70F2BB}.Release|x86.Deploy.0 = Release|x86
		{6CC4DBBB-4E77-4DB2-A212-78FC3E3A4F23}.Ad-Hoc|Any CPU.ActiveCfg = Release|x86
		{6CC4DBBB-4E77-4DB2-A212-78FC3E3A4F23}.Ad-Hoc|Any CPU.Build.0 = Release|x86
		{6CC4DBBB-4E77-4DB2-A212-78FC3E3A4F23}.Ad-Hoc|Any CPU.Deploy.0 = Release|x86
		{6CC4DBBB-4E77-4DB2-A212-78FC3E3A4F23}.Ad-Hoc|ARM.ActiveCfg = Release|ARM
		{6CC4DBBB-4E77-4DB2-A212-78FC3E3A4F23}.Ad-Hoc|ARM.Build.0 = Release|ARM
		{6CC4DBBB-4E77-4DB2-A212-78FC3E3A4F23}.Ad-Hoc|ARM.Deploy.0 = Release|ARM
		{6CC4DBBB-4E77-4DB2-A212-78FC3E3A4F23}.Ad-Hoc|iPhone.ActiveCfg = Release|x86
		{6CC4DBBB-4E77-4DB2-A212-78FC3E3A4F23}.Ad-Hoc|iPhone.Build.0 = Release|x86
		{6CC4DBBB-4E77-4DB2-A212-78FC3E3A4F23}.Ad-Hoc|iPhone.Deploy.0 = Release|x86
		{6CC4DBBB-4E77-4DB2-A212-78FC3E3A4F23}.Ad-Hoc|iPhoneSimulator.ActiveCfg = Release|x86
		{6CC4DBBB-4E77-4DB2-A212-78FC3E3A4F23}.Ad-Hoc|iPhoneSimulator.Build.0 = Release|x86
		{6CC4DBBB-4E77-4DB2-A212-78FC3E3A4F23}.Ad-Hoc|iPhoneSimulator.Deploy.0 = Release|x86
		{6CC4DBBB-4E77-4DB2-A212-78FC3E3A4F23}.Ad-Hoc|x64.ActiveCfg = Release|x64
		{6CC4DBBB-4E77-4DB2-A212-78FC3E3A4F23}.Ad-Hoc|x64.Build.0 = Release|x64
		{6CC4DBBB-4E77-4DB2-A212-78FC3E3A4F23}.Ad-Hoc|x64.Deploy.0 = Release|x64
		{6CC4DBBB-4E77-4DB2-A212-78FC3E3A4F23}.Ad-Hoc|x86.ActiveCfg = Release|x86
		{6CC4DBBB-4E77-4DB2-A212-78FC3E3A4F23}.Ad-Hoc|x86.Build.0 = Release|x86
		{6CC4DBBB-4E77-4DB2-A212-78FC3E3A4F23}.Ad-Hoc|x86.Deploy.0 = Release|x86
		{6CC4DBBB-4E77-4DB2-A212-78FC3E3A4F23}.AppStore|Any CPU.ActiveCfg = Release|x86
		{6CC4DBBB-4E77-4DB2-A212-78FC3E3A4F23}.AppStore|Any CPU.Build.0 = Release|x86
		{6CC4DBBB-4E77-4DB2-A212-78FC3E3A4F23}.AppStore|Any CPU.Deploy.0 = Release|x86
		{6CC4DBBB-4E77-4DB2-A212-78FC3E3A4F23}.AppStore|ARM.ActiveCfg = Release|ARM
		{6CC4DBBB-4E77-4DB2-A212-78FC3E3A4F23}.AppStore|ARM.Build.0 = Release|ARM
		{6CC4DBBB-4E77-4DB2-A212-78FC3E3A4F23}.AppStore|ARM.Deploy.0 = Release|ARM
		{6CC4DBBB-4E77-4DB2-A212-78FC3E3A4F23}.AppStore|iPhone.ActiveCfg = Release|x86
		{6CC4DBBB-4E77-4DB2-A212-78FC3E3A4F23}.AppStore|iPhone.Build.0 = Release|x86
		{6CC4DBBB-4E77-4DB2-A212-78FC3E3A4F23}.AppStore|iPhone.Deploy.0 = Release|x86
		{6CC4DBBB-4E77-4DB2-A212-78FC3E3A4F23}.AppStore|iPhoneSimulator.ActiveCfg = Release|x86
		{6CC4DBBB-4E77-4DB2-A212-78FC3E3A4F23}.AppStore|iPhoneSimulator.Build.0 = Release|x86
		{6CC4DBBB-4E77-4DB2-A212-78FC3E3A4F23}.AppStore|iPhoneSimulator.Deploy.0 = Release|x86
		{6CC4DBBB-4E77-4DB2-A212-78FC3E3A4F23}.AppStore|x64.ActiveCfg = Release|x64
		{6CC4DBBB-4E77-4DB2-A212-78FC3E3A4F23}.AppStore|x64.Build.0 = Release|x64
		{6CC4DBBB-4E77-4DB2-A212-78FC3E3A4F23}.AppStore|x64.Deploy.0 = Release|x64
		{6CC4DBBB-4E77-4DB2-A212-78FC3E3A4F23}.AppStore|x86.ActiveCfg = Release|x86
		{6CC4DBBB-4E77-4DB2-A212-78FC3E3A4F23}.AppStore|x86.Build.0 = Release|x86
		{6CC4DBBB-4E77-4DB2-A212-78FC3E3A4F23}.AppStore|x86.Deploy.0 = Release|x86
		{6CC4DBBB-4E77-4DB2-A212-78FC3E3A4F23}.Debug|Any CPU.ActiveCfg = Debug|x86
		{6CC4DBBB-4E77-4DB2-A212-78FC3E3A4F23}.Debug|ARM.ActiveCfg = Debug|ARM
		{6CC4DBBB-4E77-4DB2-A212-78FC3E3A4F23}.Debug|ARM.Build.0 = Debug|ARM
		{6CC4DBBB-4E77-4DB2-A212-78FC3E3A4F23}.Debug|ARM.Deploy.0 = Debug|ARM
		{6CC4DBBB-4E77-4DB2-A212-78FC3E3A4F23}.Debug|iPhone.ActiveCfg = Debug|x86
		{6CC4DBBB-4E77-4DB2-A212-78FC3E3A4F23}.Debug|iPhoneSimulator.ActiveCfg = Debug|x86
		{6CC4DBBB-4E77-4DB2-A212-78FC3E3A4F23}.Debug|x64.ActiveCfg = Debug|x64
		{6CC4DBBB-4E77-4DB2-A212-78FC3E3A4F23}.Debug|x64.Build.0 = Debug|x64
		{6CC4DBBB-4E77-4DB2-A212-78FC3E3A4F23}.Debug|x64.Deploy.0 = Debug|x64
		{6CC4DBBB-4E77-4DB2-A212-78FC3E3A4F23}.Debug|x86.ActiveCfg = Debug|x86
		{6CC4DBBB-4E77-4DB2-A212-78FC3E3A4F23}.Debug|x86.Build.0 = Debug|x86
		{6CC4DBBB-4E77-4DB2-A212-78FC3E3A4F23}.Debug|x86.Deploy.0 = Debug|x86
		{6CC4DBBB-4E77-4DB2-A212-78FC3E3A4F23}.Release|Any CPU.ActiveCfg = Release|x86
		{6CC4DBBB-4E77-4DB2-A212-78FC3E3A4F23}.Release|ARM.ActiveCfg = Release|ARM
		{6CC4DBBB-4E77-4DB2-A212-78FC3E3A4F23}.Release|ARM.Build.0 = Release|ARM
		{6CC4DBBB-4E77-4DB2-A212-78FC3E3A4F23}.Release|ARM.Deploy.0 = Release|ARM
		{6CC4DBBB-4E77-4DB2-A212-78FC3E3A4F23}.Release|iPhone.ActiveCfg = Release|x86
		{6CC4DBBB-4E77-4DB2-A212-78FC3E3A4F23}.Release|iPhoneSimulator.ActiveCfg = Release|x86
		{6CC4DBBB-4E77-4DB2-A212-78FC3E3A4F23}.Release|x64.ActiveCfg = Release|x64
		{6CC4DBBB-4E77-4DB2-A212-78FC3E3A4F23}.Release|x64.Build.0 = Release|x64
		{6CC4DBBB-4E77-4DB2-A212-78FC3E3A4F23}.Release|x64.Deploy.0 = Release|x64
		{6CC4DBBB-4E77-4DB2-A212-78FC3E3A4F23}.Release|x86.ActiveCfg = Release|x86
		{6CC4DBBB-4E77-4DB2-A212-78FC3E3A4F23}.Release|x86.Build.0 = Release|x86
		{6CC4DBBB-4E77-4DB2-A212-78FC3E3A4F23}.Release|x86.Deploy.0 = Release|x86
		{286B7459-8893-4818-A11F-41B54E8343A9}.Ad-Hoc|Any CPU.ActiveCfg = Release|Any CPU
		{286B7459-8893-4818-A11F-41B54E8343A9}.Ad-Hoc|Any CPU.Build.0 = Release|Any CPU
		{286B7459-8893-4818-A11F-41B54E8343A9}.Ad-Hoc|Any CPU.Deploy.0 = Release|Any CPU
		{286B7459-8893-4818-A11F-41B54E8343A9}.Ad-Hoc|ARM.ActiveCfg = Release|ARM
		{286B7459-8893-4818-A11F-41B54E8343A9}.Ad-Hoc|ARM.Build.0 = Release|ARM
		{286B7459-8893-4818-A11F-41B54E8343A9}.Ad-Hoc|ARM.Deploy.0 = Release|ARM
		{286B7459-8893-4818-A11F-41B54E8343A9}.Ad-Hoc|iPhone.ActiveCfg = Release|Any CPU
		{286B7459-8893-4818-A11F-41B54E8343A9}.Ad-Hoc|iPhone.Build.0 = Release|Any CPU
		{286B7459-8893-4818-A11F-41B54E8343A9}.Ad-Hoc|iPhone.Deploy.0 = Release|Any CPU
		{286B7459-8893-4818-A11F-41B54E8343A9}.Ad-Hoc|iPhoneSimulator.ActiveCfg = Release|Any CPU
		{286B7459-8893-4818-A11F-41B54E8343A9}.Ad-Hoc|iPhoneSimulator.Build.0 = Release|Any CPU
		{286B7459-8893-4818-A11F-41B54E8343A9}.Ad-Hoc|iPhoneSimulator.Deploy.0 = Release|Any CPU
		{286B7459-8893-4818-A11F-41B54E8343A9}.Ad-Hoc|x64.ActiveCfg = Release|x64
		{286B7459-8893-4818-A11F-41B54E8343A9}.Ad-Hoc|x64.Build.0 = Release|x64
		{286B7459-8893-4818-A11F-41B54E8343A9}.Ad-Hoc|x64.Deploy.0 = Release|x64
		{286B7459-8893-4818-A11F-41B54E8343A9}.Ad-Hoc|x86.ActiveCfg = Release|x86
		{286B7459-8893-4818-A11F-41B54E8343A9}.Ad-Hoc|x86.Build.0 = Release|x86
		{286B7459-8893-4818-A11F-41B54E8343A9}.Ad-Hoc|x86.Deploy.0 = Release|x86
		{286B7459-8893-4818-A11F-41B54E8343A9}.AppStore|Any CPU.ActiveCfg = Release|Any CPU
		{286B7459-8893-4818-A11F-41B54E8343A9}.AppStore|Any CPU.Build.0 = Release|Any CPU
		{286B7459-8893-4818-A11F-41B54E8343A9}.AppStore|Any CPU.Deploy.0 = Release|Any CPU
		{286B7459-8893-4818-A11F-41B54E8343A9}.AppStore|ARM.ActiveCfg = Release|ARM
		{286B7459-8893-4818-A11F-41B54E8343A9}.AppStore|ARM.Build.0 = Release|ARM
		{286B7459-8893-4818-A11F-41B54E8343A9}.AppStore|ARM.Deploy.0 = Release|ARM
		{286B7459-8893-4818-A11F-41B54E8343A9}.AppStore|iPhone.ActiveCfg = Release|Any CPU
		{286B7459-8893-4818-A11F-41B54E8343A9}.AppStore|iPhone.Build.0 = Release|Any CPU
		{286B7459-8893-4818-A11F-41B54E8343A9}.AppStore|iPhone.Deploy.0 = Release|Any CPU
		{286B7459-8893-4818-A11F-41B54E8343A9}.AppStore|iPhoneSimulator.ActiveCfg = Release|Any CPU
		{286B7459-8893-4818-A11F-41B54E8343A9}.AppStore|iPhoneSimulator.Build.0 = Release|Any CPU
		{286B7459-8893-4818-A11F-41B54E8343A9}.AppStore|iPhoneSimulator.Deploy.0 = Release|Any CPU
		{286B7459-8893-4818-A11F-41B54E8343A9}.AppStore|x64.ActiveCfg = Release|x64
		{286B7459-8893-4818-A11F-41B54E8343A9}.AppStore|x64.Build.0 = Release|x64
		{286B7459-8893-4818-A11F-41B54E8343A9}.AppStore|x64.Deploy.0 = Release|x64
		{286B7459-8893-4818-A11F-41B54E8343A9}.AppStore|x86.ActiveCfg = Release|x86
		{286B7459-8893-4818-A11F-41B54E8343A9}.AppStore|x86.Build.0 = Release|x86
		{286B7459-8893-4818-A11F-41B54E8343A9}.AppStore|x86.Deploy.0 = Release|x86
		{286B7459-8893-4818-A11F-41B54E8343A9}.Debug|Any CPU.ActiveCfg = Debug|Any CPU
		{286B7459-8893-4818-A11F-41B54E8343A9}.Debug|Any CPU.Build.0 = Debug|Any CPU
		{286B7459-8893-4818-A11F-41B54E8343A9}.Debug|Any CPU.Deploy.0 = Debug|Any CPU
		{286B7459-8893-4818-A11F-41B54E8343A9}.Debug|ARM.ActiveCfg = Debug|ARM
		{286B7459-8893-4818-A11F-41B54E8343A9}.Debug|ARM.Build.0 = Debug|ARM
		{286B7459-8893-4818-A11F-41B54E8343A9}.Debug|ARM.Deploy.0 = Debug|ARM
		{286B7459-8893-4818-A11F-41B54E8343A9}.Debug|iPhone.ActiveCfg = Debug|Any CPU
		{286B7459-8893-4818-A11F-41B54E8343A9}.Debug|iPhone.Build.0 = Debug|Any CPU
		{286B7459-8893-4818-A11F-41B54E8343A9}.Debug|iPhone.Deploy.0 = Debug|Any CPU
		{286B7459-8893-4818-A11F-41B54E8343A9}.Debug|iPhoneSimulator.ActiveCfg = Debug|Any CPU
		{286B7459-8893-4818-A11F-41B54E8343A9}.Debug|iPhoneSimulator.Build.0 = Debug|Any CPU
		{286B7459-8893-4818-A11F-41B54E8343A9}.Debug|iPhoneSimulator.Deploy.0 = Debug|Any CPU
		{286B7459-8893-4818-A11F-41B54E8343A9}.Debug|x64.ActiveCfg = Debug|x64
		{286B7459-8893-4818-A11F-41B54E8343A9}.Debug|x64.Build.0 = Debug|x64
		{286B7459-8893-4818-A11F-41B54E8343A9}.Debug|x64.Deploy.0 = Debug|x64
		{286B7459-8893-4818-A11F-41B54E8343A9}.Debug|x86.ActiveCfg = Debug|x86
		{286B7459-8893-4818-A11F-41B54E8343A9}.Debug|x86.Build.0 = Debug|x86
		{286B7459-8893-4818-A11F-41B54E8343A9}.Debug|x86.Deploy.0 = Debug|x86
		{286B7459-8893-4818-A11F-41B54E8343A9}.Release|Any CPU.ActiveCfg = Release|Any CPU
		{286B7459-8893-4818-A11F-41B54E8343A9}.Release|Any CPU.Build.0 = Release|Any CPU
		{286B7459-8893-4818-A11F-41B54E8343A9}.Release|Any CPU.Deploy.0 = Release|Any CPU
		{286B7459-8893-4818-A11F-41B54E8343A9}.Release|ARM.ActiveCfg = Release|ARM
		{286B7459-8893-4818-A11F-41B54E8343A9}.Release|ARM.Build.0 = Release|ARM
		{286B7459-8893-4818-A11F-41B54E8343A9}.Release|ARM.Deploy.0 = Release|ARM
		{286B7459-8893-4818-A11F-41B54E8343A9}.Release|iPhone.ActiveCfg = Release|Any CPU
		{286B7459-8893-4818-A11F-41B54E8343A9}.Release|iPhone.Build.0 = Release|Any CPU
		{286B7459-8893-4818-A11F-41B54E8343A9}.Release|iPhone.Deploy.0 = Release|Any CPU
		{286B7459-8893-4818-A11F-41B54E8343A9}.Release|iPhoneSimulator.ActiveCfg = Release|Any CPU
		{286B7459-8893-4818-A11F-41B54E8343A9}.Release|iPhoneSimulator.Build.0 = Release|Any CPU
		{286B7459-8893-4818-A11F-41B54E8343A9}.Release|iPhoneSimulator.Deploy.0 = Release|Any CPU
		{286B7459-8893-4818-A11F-41B54E8343A9}.Release|x64.ActiveCfg = Release|x64
		{286B7459-8893-4818-A11F-41B54E8343A9}.Release|x64.Build.0 = Release|x64
		{286B7459-8893-4818-A11F-41B54E8343A9}.Release|x64.Deploy.0 = Release|x64
		{286B7459-8893-4818-A11F-41B54E8343A9}.Release|x86.ActiveCfg = Release|x86
		{286B7459-8893-4818-A11F-41B54E8343A9}.Release|x86.Build.0 = Release|x86
		{286B7459-8893-4818-A11F-41B54E8343A9}.Release|x86.Deploy.0 = Release|x86
		{2A6FA478-0E86-40BD-86F4-D445D9839460}.Ad-Hoc|Any CPU.ActiveCfg = Release|Any CPU
		{2A6FA478-0E86-40BD-86F4-D445D9839460}.Ad-Hoc|Any CPU.Build.0 = Release|Any CPU
		{2A6FA478-0E86-40BD-86F4-D445D9839460}.Ad-Hoc|ARM.ActiveCfg = Release|Any CPU
		{2A6FA478-0E86-40BD-86F4-D445D9839460}.Ad-Hoc|ARM.Build.0 = Release|Any CPU
		{2A6FA478-0E86-40BD-86F4-D445D9839460}.Ad-Hoc|iPhone.ActiveCfg = Release|Any CPU
		{2A6FA478-0E86-40BD-86F4-D445D9839460}.Ad-Hoc|iPhone.Build.0 = Release|Any CPU
		{2A6FA478-0E86-40BD-86F4-D445D9839460}.Ad-Hoc|iPhoneSimulator.ActiveCfg = Release|Any CPU
		{2A6FA478-0E86-40BD-86F4-D445D9839460}.Ad-Hoc|iPhoneSimulator.Build.0 = Release|Any CPU
		{2A6FA478-0E86-40BD-86F4-D445D9839460}.Ad-Hoc|x64.ActiveCfg = Release|Any CPU
		{2A6FA478-0E86-40BD-86F4-D445D9839460}.Ad-Hoc|x64.Build.0 = Release|Any CPU
		{2A6FA478-0E86-40BD-86F4-D445D9839460}.Ad-Hoc|x86.ActiveCfg = Release|Any CPU
		{2A6FA478-0E86-40BD-86F4-D445D9839460}.Ad-Hoc|x86.Build.0 = Release|Any CPU
		{2A6FA478-0E86-40BD-86F4-D445D9839460}.AppStore|Any CPU.ActiveCfg = Release|Any CPU
		{2A6FA478-0E86-40BD-86F4-D445D9839460}.AppStore|Any CPU.Build.0 = Release|Any CPU
		{2A6FA478-0E86-40BD-86F4-D445D9839460}.AppStore|ARM.ActiveCfg = Release|Any CPU
		{2A6FA478-0E86-40BD-86F4-D445D9839460}.AppStore|ARM.Build.0 = Release|Any CPU
		{2A6FA478-0E86-40BD-86F4-D445D9839460}.AppStore|iPhone.ActiveCfg = Release|Any CPU
		{2A6FA478-0E86-40BD-86F4-D445D9839460}.AppStore|iPhone.Build.0 = Release|Any CPU
		{2A6FA478-0E86-40BD-86F4-D445D9839460}.AppStore|iPhoneSimulator.ActiveCfg = Release|Any CPU
		{2A6FA478-0E86-40BD-86F4-D445D9839460}.AppStore|iPhoneSimulator.Build.0 = Release|Any CPU
		{2A6FA478-0E86-40BD-86F4-D445D9839460}.AppStore|x64.ActiveCfg = Release|Any CPU
		{2A6FA478-0E86-40BD-86F4-D445D9839460}.AppStore|x64.Build.0 = Release|Any CPU
		{2A6FA478-0E86-40BD-86F4-D445D9839460}.AppStore|x86.ActiveCfg = Release|Any CPU
		{2A6FA478-0E86-40BD-86F4-D445D9839460}.AppStore|x86.Build.0 = Release|Any CPU
		{2A6FA478-0E86-40BD-86F4-D445D9839460}.Debug|Any CPU.ActiveCfg = Debug|Any CPU
		{2A6FA478-0E86-40BD-86F4-D445D9839460}.Debug|Any CPU.Build.0 = Debug|Any CPU
		{2A6FA478-0E86-40BD-86F4-D445D9839460}.Debug|ARM.ActiveCfg = Debug|Any CPU
		{2A6FA478-0E86-40BD-86F4-D445D9839460}.Debug|ARM.Build.0 = Debug|Any CPU
		{2A6FA478-0E86-40BD-86F4-D445D9839460}.Debug|iPhone.ActiveCfg = Debug|Any CPU
		{2A6FA478-0E86-40BD-86F4-D445D9839460}.Debug|iPhone.Build.0 = Debug|Any CPU
		{2A6FA478-0E86-40BD-86F4-D445D9839460}.Debug|iPhoneSimulator.ActiveCfg = Debug|Any CPU
		{2A6FA478-0E86-40BD-86F4-D445D9839460}.Debug|iPhoneSimulator.Build.0 = Debug|Any CPU
		{2A6FA478-0E86-40BD-86F4-D445D9839460}.Debug|x64.ActiveCfg = Debug|Any CPU
		{2A6FA478-0E86-40BD-86F4-D445D9839460}.Debug|x64.Build.0 = Debug|Any CPU
		{2A6FA478-0E86-40BD-86F4-D445D9839460}.Debug|x86.ActiveCfg = Debug|Any CPU
		{2A6FA478-0E86-40BD-86F4-D445D9839460}.Debug|x86.Build.0 = Debug|Any CPU
		{2A6FA478-0E86-40BD-86F4-D445D9839460}.Release|Any CPU.ActiveCfg = Release|Any CPU
		{2A6FA478-0E86-40BD-86F4-D445D9839460}.Release|Any CPU.Build.0 = Release|Any CPU
		{2A6FA478-0E86-40BD-86F4-D445D9839460}.Release|ARM.ActiveCfg = Release|Any CPU
		{2A6FA478-0E86-40BD-86F4-D445D9839460}.Release|ARM.Build.0 = Release|Any CPU
		{2A6FA478-0E86-40BD-86F4-D445D9839460}.Release|iPhone.ActiveCfg = Release|Any CPU
		{2A6FA478-0E86-40BD-86F4-D445D9839460}.Release|iPhone.Build.0 = Release|Any CPU
		{2A6FA478-0E86-40BD-86F4-D445D9839460}.Release|iPhoneSimulator.ActiveCfg = Release|Any CPU
		{2A6FA478-0E86-40BD-86F4-D445D9839460}.Release|iPhoneSimulator.Build.0 = Release|Any CPU
		{2A6FA478-0E86-40BD-86F4-D445D9839460}.Release|x64.ActiveCfg = Release|Any CPU
		{2A6FA478-0E86-40BD-86F4-D445D9839460}.Release|x64.Build.0 = Release|Any CPU
		{2A6FA478-0E86-40BD-86F4-D445D9839460}.Release|x86.ActiveCfg = Release|Any CPU
		{2A6FA478-0E86-40BD-86F4-D445D9839460}.Release|x86.Build.0 = Release|Any CPU
	EndGlobalSection
	GlobalSection(SolutionProperties) = preSolution
		HideSolutionNode = FALSE
	EndGlobalSection
EndGlobal
